{
  "name": "appeals",
  "lockfileVersion": 3,
  "requires": true,
  "packages": {
    "": {
      "dependencies": {
        "tsc": "^2.0.4"
      },
      "devDependencies": {
        "@types/inputmask": "^5.0.7",
        "typescript": "^5.7.2"
      }
    },
    "node_modules/@types/inputmask": {
      "version": "5.0.7",
      "resolved": "https://registry.npmjs.org/@types/inputmask/-/inputmask-5.0.7.tgz",
      "integrity": "sha512-uojbVPWzBQ/n/0jc/d16fLqmGasFIptbrLD2WrCPWArlk+5PgblOqH4EDkI3AoobXLAlOK5yF01V8jMmvMG5qg==",
      "dev": true,
      "license": "MIT"
    },
    "node_modules/tsc": {
      "version": "2.0.4",
      "resolved": "https://registry.npmjs.org/tsc/-/tsc-2.0.4.tgz",
      "integrity": "sha512-fzoSieZI5KKJVBYGvwbVZs/J5za84f2lSTLPYf6AGiIf43tZ3GNrI1QzTLcjtyDDP4aLxd46RTZq1nQxe7+k5Q==",
      "bin": {
        "tsc": "bin/tsc"
      }
    },
    "node_modules/typescript": {
      "version": "5.7.2",
      "resolved": "https://registry.npmjs.org/typescript/-/typescript-5.7.2.tgz",
      "integrity": "sha512-i5t66RHxDvVN40HfDd1PsEThGNnlMCMT3jMUuoh9/0TaqWevNontacunWyN02LA9/fIbEWlcHZcgTKb9QoaLfg==",
      "dev": true,
      "license": "Apache-2.0",
      "bin": {
        "tsc": "bin/tsc",
        "tsserver": "bin/tsserver"
      },
      "engines": {
        "node": ">=14.17"
      }
    }
  }
}
